
Microsoft Visual Studio Solution File, Format Version 12.00
# Visual Studio Version 17
VisualStudioVersion = 17.5.002.0
MinimumVisualStudioVersion = 10.0.40219.1
Project("{9A19103F-16F7-4668-BE54-9A1E7A4F7556}") = "Operadores", "Operadores\Operadores.csproj", "{3FF96CAE-112B-4B3E-A4B1-1C1C7AAE0842}"
EndProject
Project("{9A19103F-16F7-4668-BE54-9A1E7A4F7556}") = "C-Sharp", "sla\C-Sharp.csproj", "{C74D5A7C-2FC0-4F9D-B53D-8080CD14BAE2}"
EndProject
Project("{9A19103F-16F7-4668-BE54-9A1E7A4F7556}") = "variaveis", "variaveis\variaveis.csproj", "{58792871-1A9A-4A96-BD80-A230840C8FF6}"
EndProject
Global
	GlobalSection(SolutionConfigurationPlatforms) = preSolution
		Debug|Any CPU = Debug|Any CPU
		Release|Any CPU = Release|Any CPU
	EndGlobalSection
	GlobalSection(ProjectConfigurationPlatforms) = postSolution
		{3FF96CAE-112B-4B3E-A4B1-1C1C7AAE0842}.Debug|Any CPU.ActiveCfg = Debug|Any CPU
		{3FF96CAE-112B-4B3E-A4B1-1C1C7AAE0842}.Debug|Any CPU.Build.0 = Debug|Any CPU
		{3FF96CAE-112B-4B3E-A4B1-1C1C7AAE0842}.Release|Any CPU.ActiveCfg = Release|Any CPU
		{3FF96CAE-112B-4B3E-A4B1-1C1C7AAE0842}.Release|Any CPU.Build.0 = Release|Any CPU
		{C74D5A7C-2FC0-4F9D-B53D-8080CD14BAE2}.Debug|Any CPU.ActiveCfg = Debug|Any CPU
		{C74D5A7C-2FC0-4F9D-B53D-8080CD14BAE2}.Debug|Any CPU.Build.0 = Debug|Any CPU
		{C74D5A7C-2FC0-4F9D-B53D-8080CD14BAE2}.Release|Any CPU.ActiveCfg = Release|Any CPU
		{C74D5A7C-2FC0-4F9D-B53D-8080CD14BAE2}.Release|Any CPU.Build.0 = Release|Any CPU
		{58792871-1A9A-4A96-BD80-A230840C8FF6}.Debug|Any CPU.ActiveCfg = Debug|Any CPU
		{58792871-1A9A-4A96-BD80-A230840C8FF6}.Debug|Any CPU.Build.0 = Debug|Any CPU
		{58792871-1A9A-4A96-BD80-A230840C8FF6}.Release|Any CPU.ActiveCfg = Release|Any CPU
		{58792871-1A9A-4A96-BD80-A230840C8FF6}.Release|Any CPU.Build.0 = Release|Any CPU
	EndGlobalSection
	GlobalSection(SolutionProperties) = preSolution
		HideSolutionNode = FALSE
	EndGlobalSection
	GlobalSection(ExtensibilityGlobals) = postSolution
		SolutionGuid = {568A4CB4-D0C3-4955-B73E-E77D3ADC525F}
	EndGlobalSection
EndGlobal
